<Solution>
  <Project Path="Assembly-CSharp.csproj" />
  <Project Path="Assembly-CSharp-firstpass.csproj" />
  <Project Path="FolderIconsEditor.csproj" />
  <Project Path="Polyperfect.Universal.csproj" />
  <Project Path="Create-A-Cat-Editor.csproj" />
  <Project Path="Create-A-Cat.csproj" />
</Solution>
